<?xml version="1.0" encoding="UTF-8" standalone="yes" ?>
<CodeBlocks_project_file>
	<FileVersion major="1" minor="6" />
	<Project>
		<Option title="TilesAdventure" />
		<Option pch_mode="2" />
		<Option compiler="gcc" />
		<Build>
			<Target title="Debug">
				<Option output="bin/Debug/TilesAdventure" prefix_auto="1" extension_auto="1" />
				<Option object_output="obj/Debug/" />
				<Option type="1" />
				<Option compiler="gcc" />
				<Compiler>
					<Add option="-g" />
				</Compiler>
			</Target>
			<Target title="Release">
				<Option output="bin/Release/TilesAdventure" prefix_auto="1" extension_auto="1" />
				<Option object_output="obj/Release/" />
				<Option type="1" />
				<Option compiler="gcc" />
				<Compiler>
					<Add option="-O2" />
				</Compiler>
				<Linker>
					<Add option="-s" />
				</Linker>
			</Target>
		</Build>
		<Compiler>
			<Add option="-Wall" />
		</Compiler>
		<Unit filename="../core/ECS/component.h" />
		<Unit filename="../core/ECS/ecs.cpp" />
		<Unit filename="../core/ECS/ecs.h" />
		<Unit filename="../core/ECS/entity.h" />
		<Unit filename="../core/const.h" />
		<Unit filename="../core/geometry/geometry.cpp" />
		<Unit filename="../core/geometry/geometry.h" />
		<Unit filename="../core/main.cpp" />
		<Unit filename="../core/scene/scene.cpp" />
		<Unit filename="../core/scene/scene.h" />
		<Unit filename="../core/script/script.cpp" />
		<Unit filename="../core/script/script.h" />
		<Unit filename="../game/game.cpp" />
		<Unit filename="../game/game.h" />
		<Unit filename="../renderer/renderer.cpp" />
		<Unit filename="../renderer/renderer.h" />
		<Unit filename="../texture/texture.cpp" />
		<Unit filename="../texture/texture.h" />
		<Extensions />
	</Project>
</CodeBlocks_project_file>
